// !$*UTF8*$!
{
	archiveVersion = 1;
	classes = {
	};
	objectVersion = 50;
	objects = {

/* Begin PBXBuildFile section */
		FB2C3664239AA4AC002DDB93 /* AppDelegate.swift in Sources */ = {isa = PBXBuildFile; fileRef = FB2C3663239AA4AC002DDB93 /* AppDelegate.swift */; };
		FB2C3666239AA4AC002DDB93 /* SceneDelegate.swift in Sources */ = {isa = PBXBuildFile; fileRef = FB2C3665239AA4AC002DDB93 /* SceneDelegate.swift */; };
		FB2C3668239AA4AC002DDB93 /* ContentView.swift in Sources */ = {isa = PBXBuildFile; fileRef = FB2C3667239AA4AC002DDB93 /* ContentView.swift */; };
		FB2C366A239AA4AF002DDB93 /* Assets.xcassets in Resources */ = {isa = PBXBuildFile; fileRef = FB2C3669239AA4AF002DDB93 /* Assets.xcassets */; };
		FB2C366D239AA4AF002DDB93 /* Preview Assets.xcassets in Resources */ = {isa = PBXBuildFile; fileRef = FB2C366C239AA4AF002DDB93 /* Preview Assets.xcassets */; };
		FB2C3670239AA4AF002DDB93 /* LaunchScreen.storyboard in Resources */ = {isa = PBXBuildFile; fileRef = FB2C366E239AA4AF002DDB93 /* LaunchScreen.storyboard */; };
		FB2C3678239AFE8B002DDB93 /* Draggable.swift in Sources */ = {isa = PBXBuildFile; fileRef = FB2C3677239AFE8B002DDB93 /* Draggable.swift */; };
		FB2C367A239AFEAD002DDB93 /* PathText.swift in Sources */ = {isa = PBXBuildFile; fileRef = FB2C3679239AFEAD002DDB93 /* PathText.swift */; };
/* End PBXBuildFile section */

/* Begin PBXFileReference section */
		FB2C3660239AA4AC002DDB93 /* CurvyText.app */ = {isa = PBXFileReference; explicitFileType = wrapper.application; includeInIndex = 0; path = CurvyText.app; sourceTree = BUILT_PRODUCTS_DIR; };
		FB2C3663239AA4AC002DDB93 /* AppDelegate.swift */ = {isa = PBXFileReference; lastKnownFileType = sourcecode.swift; path = AppDelegate.swift; sourceTree = "<group>"; };
		FB2C3665239AA4AC002DDB93 /* SceneDelegate.swift */ = {isa = PBXFileReference; lastKnownFileType = sourcecode.swift; path = SceneDelegate.swift; sourceTree = "<group>"; };
		FB2C3667239AA4AC002DDB93 /* ContentView.swift */ = {isa = PBXFileReference; lastKnownFileType = sourcecode.swift; path = ContentView.swift; sourceTree = "<group>"; };
		FB2C3669239AA4AF002DDB93 /* Assets.xcassets */ = {isa = PBXFileReference; lastKnownFileType = folder.assetcatalog; path = Assets.xcassets; sourceTree = "<group>"; };
		FB2C366C239AA4AF002DDB93 /* Preview Assets.xcassets */ = {isa = PBXFileReference; lastKnownFileType = folder.assetcatalog; path = "Preview Assets.xcassets"; sourceTree = "<group>"; };
		FB2C366F239AA4AF002DDB93 /* Base */ = {isa = PBXFileReference; lastKnownFileType = file.storyboard; name = Base; path = Base.lproj/LaunchScreen.storyboard; sourceTree = "<group>"; };
		FB2C3671239AA4AF002DDB93 /* Info.plist */ = {isa = PBXFileReference; lastKnownFileType = text.plist.xml; path = Info.plist; sourceTree = "<group>"; };
		FB2C3677239AFE8B002DDB93 /* Draggable.swift */ = {isa = PBXFileReference; lastKnownFileType = sourcecode.swift; path = Draggable.swift; sourceTree = "<group>"; };
		FB2C3679239AFEAD002DDB93 /* PathText.swift */ = {isa = PBXFileReference; lastKnownFileType = sourcecode.swift; path = PathText.swift; sourceTree = "<group>"; };
/* End PBXFileReference section */

/* Begin PBXFrameworksBuildPhase section */
		FB2C365D239AA4AC002DDB93 /* Frameworks */ = {
			isa = PBXFrameworksBuildPhase;
			buildActionMask = 2147483647;
			files = (
			);
			runOnlyForDeploymentPostprocessing = 0;
		};
/* End PBXFrameworksBuildPhase section */

/* Begin PBXGroup section */
		FB2C3657239AA4AC002DDB93 = {
			isa = PBXGroup;
			children = (
				FB2C3662239AA4AC002DDB93 /* CurvyText */,
				FB2C3661239AA4AC002DDB93 /* Products */,
			);
			sourceTree = "<group>";
		};
		FB2C3661239AA4AC002DDB93 /* Products */ = {
			isa = PBXGroup;
			children = (
				FB2C3660239AA4AC002DDB93 /* CurvyText.app */,
			);
			name = Products;
			sourceTree = "<group>";
		};
		FB2C3662239AA4AC002DDB93 /* CurvyText */ = {
			isa = PBXGroup;
			children = (
				FB2C3663239AA4AC002DDB93 /* AppDelegate.swift */,
				FB2C3665239AA4AC002DDB93 /* SceneDelegate.swift */,
				FB2C3667239AA4AC002DDB93 /* ContentView.swift */,
				FB2C3677239AFE8B002DDB93 /* Draggable.swift */,
				FB2C3679239AFEAD002DDB93 /* PathText.swift */,
				FB2C3669239AA4AF002DDB93 /* Assets.xcassets */,
				FB2C366E239AA4AF002DDB93 /* LaunchScreen.storyboard */,
				FB2C3671239AA4AF002DDB93 /* Info.plist */,
				FB2C366B239AA4AF002DDB93 /* Preview Content */,
			);
			path = CurvyText;
			sourceTree = "<group>";
		};
		FB2C366B239AA4AF002DDB93 /* Preview Content */ = {
			isa = PBXGroup;
			children = (
				FB2C366C239AA4AF002DDB93 /* Preview Assets.xcassets */,
			);
			path = "Preview Content";
			sourceTree = "<group>";
		};
/* End PBXGroup section */

/* Begin PBXNativeTarget section */
		FB2C365F239AA4AC002DDB93 /* CurvyText */ = {
			isa = PBXNativeTarget;
			buildConfigurationList = FB2C3674239AA4AF002DDB93 /* Build configuration list for PBXNativeTarget "CurvyText" */;
			buildPhases = (
				FB2C365C239AA4AC002DDB93 /* Sources */,
				FB2C365D239AA4AC002DDB93 /* Frameworks */,
				FB2C365E239AA4AC002DDB93 /* Resources */,
			);
			buildRules = (
			);
			dependencies = (
			);
			name = CurvyText;
			productName = CurvyText;
			productReference = FB2C3660239AA4AC002DDB93 /* CurvyText.app */;
			productType = "com.apple.product-type.application";
		};
/* End PBXNativeTarget section */

/* Begin PBXProject section */
		FB2C3658239AA4AC002DDB93 /* Project object */ = {
			isa = PBXProject;
			attributes = {
				LastSwiftUpdateCheck = 1120;
				LastUpgradeCheck = 1120;
				ORGANIZATIONNAME = "Rob Napier";
				TargetAttributes = {
					FB2C365F239AA4AC002DDB93 = {
						CreatedOnToolsVersion = 11.2.1;
					};
				};
			};
			buildConfigurationList = FB2C365B239AA4AC002DDB93 /* Build configuration list for PBXProject "CurvyText" */;
			compatibilityVersion = "Xcode 9.3";
			developmentRegion = en;
			hasScannedForEncodings = 0;
			knownRegions = (
				en,
				Base,
			);
			mainGroup = FB2C3657239AA4AC002DDB93;
			productRefGroup = FB2C3661239AA4AC002DDB93 /* Products */;
			projectDirPath = "";
			projectRoot = "";
			targets = (
				FB2C365F239AA4AC002DDB93 /* CurvyText */,
			);
		};
/* End PBXProject section */

/* Begin PBXResourcesBuildPhase section */
		FB2C365E239AA4AC002DDB93 /* Resources */ = {
			isa = PBXResourcesBuildPhase;
			buildActionMask = 2147483647;
			files = (
				FB2C3670239AA4AF002DDB93 /* LaunchScreen.storyboard in Resources */,
				FB2C366D239AA4AF002DDB93 /* Preview Assets.xcassets in Resources */,
				FB2C366A239AA4AF002DDB93 /* Assets.xcassets in Resources */,
			);
			runOnlyForDeploymentPostprocessing = 0;
		};
/* End PBXResourcesBuildPhase section */

/* Begin PBXSourcesBuildPhase section */
		FB2C365C239AA4AC002DDB93 /* Sources */ = {
			isa = PBXSourcesBuildPhase;
			buildActionMask = 2147483647;
			files = (
				FB2C3664239AA4AC002DDB93 /* AppDelegate.swift in Sources */,
				FB2C3666239AA4AC002DDB93 /* SceneDelegate.swift in Sources */,
				FB2C367A239AFEAD002DDB93 /* PathText.swift in Sources */,
				FB2C3668239AA4AC002DDB93 /* ContentView.swift in Sources */,
				FB2C3678239AFE8B002DDB93 /* Draggable.swift in Sources */,
			);
			runOnlyForDeploymentPostprocessing = 0;
		};
/* End PBXSourcesBuildPhase section */

/* Begin PBXVariantGroup section */
		FB2C366E239AA4AF002DDB93 /* LaunchScreen.storyboard */ = {
			isa = PBXVariantGroup;
			children = (
				FB2C366F239AA4AF002DDB93 /* Base */,
			);
			name = LaunchScreen.storyboard;
			sourceTree = "<group>";
		};
/* End PBXVariantGroup section */

/* Begin XCBuildConfiguration section */
		FB2C3672239AA4AF002DDB93 /* Debug */ = {
			isa = XCBuildConfiguration;
			buildSettings = {
				ALWAYS_SEARCH_USER_PATHS = NO;
				CLANG_ANALYZER_NONNULL = YES;
				CLANG_ANALYZER_NUMBER_OBJECT_CONVERSION = YES_AGGRESSIVE;
				CLANG_CXX_LANGUAGE_STANDARD = "gnu++14";
				CLANG_CXX_LIBRARY = "libc++";
				CLANG_ENABLE_MODULES = YES;
				CLANG_ENABLE_OBJC_ARC = YES;
				CLANG_ENABLE_OBJC_WEAK = YES;
				CLANG_WARN_BLOCK_CAPTURE_AUTORELEASING = YES;
				CLANG_WARN_BOOL_CONVERSION = YES;
				CLANG_WARN_COMMA = YES;
				CLANG_WARN_CONSTANT_CONVERSION = YES;
				CLANG_WARN_DEPRECATED_OBJC_IMPLEMENTATIONS = YES;
				CLANG_WARN_DIRECT_OBJC_ISA_USAGE = YES_ERROR;
				CLANG_WARN_DOCUMENTATION_COMMENTS = YES;
				CLANG_WARN_EMPTY_BODY = YES;
				CLANG_WARN_ENUM_CONVERSION = YES;
				CLANG_WARN_INFINITE_RECURSION = YES;
				CLANG_WARN_INT_CONVERSION = YES;
				CLANG_WARN_NON_LITERAL_NULL_CONVERSION = YES;
				CLANG_WARN_OBJC_IMPLICIT_RETAIN_SELF = YES;
				CLANG_WARN_OBJC_LITERAL_CONVERSION = YES;
				CLANG_WARN_OBJC_ROOT_CLASS = YES_ERROR;
				CLANG_WARN_RANGE_LOOP_ANALYSIS = YES;
				CLANG_WARN_STRICT_PROTOTYPES = YES;
				CLANG_WARN_SUSPICIOUS_MOVE = YES;
				CLANG_WARN_UNGUARDED_AVAILABILITY = YES_AGGRESSIVE;
				CLANG_WARN_UNREACHABLE_CODE = YES;
				CLANG_WARN__DUPLICATE_METHOD_MATCH = YES;
				COPY_PHASE_STRIP = NO;
				DEBUG_INFORMATION_FORMAT = dwarf;
				ENABLE_STRICT_OBJC_MSGSEND = YES;
				ENABLE_TESTABILITY = YES;
				GCC_C_LANGUAGE_STANDARD = gnu11;
				GCC_DYNAMIC_NO_PIC = NO;
				GCC_NO_COMMON_BLOCKS = YES;
				GCC_OPTIMIZATION_LEVEL = 0;
				GCC_PREPROCESSOR_DEFINITIONS = (
					"DEBUG=1",
					"$(inherited)",
				);
				GCC_WARN_64_TO_32_BIT_CONVERSION = YES;
				GCC_WARN_ABOUT_RETURN_TYPE = YES_ERROR;
				GCC_WARN_UNDECLARED_SELECTOR = YES;
				GCC_WARN_UNINITIALIZED_AUTOS = YES_AGGRESSIVE;
				GCC_WARN_UNUSED_FUNCTION = YES;
				GCC_WARN_UNUSED_VARIABLE = YES;
				IPHONEOS_DEPLOYMENT_TARGET = 13.2;
				MTL_ENABLE_DEBUG_INFO = INCLUDE_SOURCE;
				MTL_FAST_MATH = YES;
				ONLY_ACTIVE_ARCH = YES;
				SDKROOT = iphoneos;
				SWIFT_ACTIVE_COMPILATION_CONDITIONS = DEBUG;
				SWIFT_OPTIMIZATION_LEVEL = "-Onone";
			};
			name = Debug;
		};
		FB2C3673239AA4AF002DDB93 /* Release */ = {
			isa = XCBuildConfiguration;
			buildSettings = {
				ALWAYS_SEARCH_USER_PATHS = NO;
				CLANG_ANALYZER_NONNULL = YES;
				CLANG_ANALYZER_NUMBER_OBJECT_CONVERSION = YES_AGGRESSIVE;
				CLANG_CXX_LANGUAGE_STANDARD = "gnu++14";
				CLANG_CXX_LIBRARY = "libc++";
				CLANG_ENABLE_MODULES = YES;
				CLANG_ENABLE_OBJC_ARC = YES;
				CLANG_ENABLE_OBJC_WEAK = YES;
				CLANG_WARN_BLOCK_CAPTURE_AUTORELEASING = YES;
				CLANG_WARN_BOOL_CONVERSION = YES;
				CLANG_WARN_COMMA = YES;
				CLANG_WARN_CONSTANT_CONVERSION = YES;
				CLANG_WARN_DEPRECATED_OBJC_IMPLEMENTATIONS = YES;
				CLANG_WARN_DIRECT_OBJC_ISA_USAGE = YES_ERROR;
				CLANG_WARN_DOCUMENTATION_COMMENTS = YES;
				CLANG_WARN_EMPTY_BODY = YES;
				CLANG_WARN_ENUM_CONVERSION = YES;
				CLANG_WARN_INFINITE_RECURSION = YES;
				CLANG_WARN_INT_CONVERSION = YES;
				CLANG_WARN_NON_LITERAL_NULL_CONVERSION = YES;
				CLANG_WARN_OBJC_IMPLICIT_RETAIN_SELF = YES;
				CLANG_WARN_OBJC_LITERAL_CONVERSION = YES;
				CLANG_WARN_OBJC_ROOT_CLASS = YES_ERROR;
				CLANG_WARN_RANGE_LOOP_ANALYSIS = YES;
				CLANG_WARN_STRICT_PROTOTYPES = YES;
				CLANG_WARN_SUSPICIOUS_MOVE = YES;
				CLANG_WARN_UNGUARDED_AVAILABILITY = YES_AGGRESSIVE;
				CLANG_WARN_UNREACHABLE_CODE = YES;
				CLANG_WARN__DUPLICATE_METHOD_MATCH = YES;
				COPY_PHASE_STRIP = NO;
				DEBUG_INFORMATION_FORMAT = "dwarf-with-dsym";
				ENABLE_NS_ASSERTIONS = NO;
				ENABLE_STRICT_OBJC_MSGSEND = YES;
				GCC_C_LANGUAGE_STANDARD = gnu11;
				GCC_NO_COMMON_BLOCKS = YES;
				GCC_WARN_64_TO_32_BIT_CONVERSION = YES;
				GCC_WARN_ABOUT_RETURN_TYPE = YES_ERROR;
				GCC_WARN_UNDECLARED_SELECTOR = YES;
				GCC_WARN_UNINITIALIZED_AUTOS = YES_AGGRESSIVE;
				GCC_WARN_UNUSED_FUNCTION = YES;
				GCC_WARN_UNUSED_VARIABLE = YES;
				IPHONEOS_DEPLOYMENT_TARGET = 13.2;
				MTL_ENABLE_DEBUG_INFO = NO;
				MTL_FAST_MATH = YES;
				SDKROOT = iphoneos;
				SWIFT_COMPILATION_MODE = wholemodule;
				SWIFT_OPTIMIZATION_LEVEL = "-O";
				VALIDATE_PRODUCT = YES;
			};
			name = Release;
		};
		FB2C3675239AA4AF002DDB93 /* Debug */ = {
			isa = XCBuildConfiguration;
			buildSettings = {
				ASSETCATALOG_COMPILER_APPICON_NAME = AppIcon;
				CODE_SIGN_STYLE = Automatic;
				DEVELOPMENT_ASSET_PATHS = "\"CurvyText/Preview Content\"";
				DEVELOPMENT_TEAM = J374TBL6J6;
				ENABLE_PREVIEWS = YES;
				INFOPLIST_FILE = CurvyText/Info.plist;
				LD_RUNPATH_SEARCH_PATHS = (
					"$(inherited)",
					"@executable_path/Frameworks",
				);
				PRODUCT_BUNDLE_IDENTIFIER = net.robnapier.CurvyText;
				PRODUCT_NAME = "$(TARGET_NAME)";
				SWIFT_VERSION = 5.0;
				TARGETED_DEVICE_FAMILY = "1,2";
			};
			name = Debug;
		};
		FB2C3676239AA4AF002DDB93 /* Release */ = {
			isa = XCBuildConfiguration;
			buildSettings = {
				ASSETCATALOG_COMPILER_APPICON_NAME = AppIcon;
				CODE_SIGN_STYLE = Automatic;
				DEVELOPMENT_ASSET_PATHS = "\"CurvyText/Preview Content\"";
				DEVELOPMENT_TEAM = J374TBL6J6;
				ENABLE_PREVIEWS = YES;
				INFOPLIST_FILE = CurvyText/Info.plist;
				LD_RUNPATH_SEARCH_PATHS = (
					"$(inherited)",
					"@executable_path/Frameworks",
				);
				PRODUCT_BUNDLE_IDENTIFIER = net.robnapier.CurvyText;
				PRODUCT_NAME = "$(TARGET_NAME)";
				SWIFT_VERSION = 5.0;
				TARGETED_DEVICE_FAMILY = "1,2";
			};
			name = Release;
		};
/* End XCBuildConfiguration section */

/* Begin XCConfigurationList section */
		FB2C365B239AA4AC002DDB93 /* Build configuration list for PBXProject "CurvyText" */ = {
			isa = XCConfigurationList;
			buildConfigurations = (
				FB2C3672239AA4AF002DDB93 /* Debug */,
				FB2C3673239AA4AF002DDB93 /* Release */,
			);
			defaultConfigurationIsVisible = 0;
			defaultConfigurationName = Release;
		};
		FB2C3674239AA4AF002DDB93 /* Build configuration list for PBXNativeTarget "CurvyText" */ = {
			isa = XCConfigurationList;
			buildConfigurations = (
				FB2C3675239AA4AF002DDB93 /* Debug */,
				FB2C3676239AA4AF002DDB93 /* Release */,
			);
			defaultConfigurationIsVisible = 0;
			defaultConfigurationName = Release;
		};
/* End XCConfigurationList section */
	};
	rootObject = FB2C3658239AA4AC002DDB93 /* Project object */;
}
